// !$*UTF8*$!
{
	archiveVersion = 1;
	classes = {
	};
	objectVersion = 52;
	objects = {

/* Begin PBXBuildFile section */
		B706DAF023D6DE4000197988 /* UIScreen+RGAppTools.swift in Sources */ = {isa = PBXBuildFile; fileRef = B706DAEF23D6DE4000197988 /* UIScreen+RGAppTools.swift */; };
		B706DAF223D6E80B00197988 /* UIApplication+RGAppTools.swift in Sources */ = {isa = PBXBuildFile; fileRef = B706DAF123D6E80B00197988 /* UIApplication+RGAppTools.swift */; };
		B7FB81A523D681E60082E362 /* RGAppTools.framework in Frameworks */ = {isa = PBXBuildFile; fileRef = B7FB819B23D681E50082E362 /* RGAppTools.framework */; };
		B7FB81AA23D681E60082E362 /* RGAppToolsTests.swift in Sources */ = {isa = PBXBuildFile; fileRef = B7FB81A923D681E60082E362 /* RGAppToolsTests.swift */; };
		B7FB81AC23D681E60082E362 /* RGAppTools.h in Headers */ = {isa = PBXBuildFile; fileRef = B7FB819E23D681E50082E362 /* RGAppTools.h */; settings = {ATTRIBUTES = (Public, ); }; };
		B7FB81E023D682F80082E362 /* RGToast.swift in Sources */ = {isa = PBXBuildFile; fileRef = B7FB81B723D682F80082E362 /* RGToast.swift */; platformFilter = ios; };
		B7FB81E123D682F80082E362 /* MainScreen.swift in Sources */ = {isa = PBXBuildFile; fileRef = B7FB81B823D682F80082E362 /* MainScreen.swift */; };
		B7FB81E223D682F80082E362 /* UITextField+RGAppTools.swift in Sources */ = {isa = PBXBuildFile; fileRef = B7FB81BB23D682F80082E362 /* UITextField+RGAppTools.swift */; };
		B7FB81E323D682F80082E362 /* UIScrollView+RGAppTools.swift in Sources */ = {isa = PBXBuildFile; fileRef = B7FB81BC23D682F80082E362 /* UIScrollView+RGAppTools.swift */; platformFilter = ios; };
		B7FB81E423D682F80082E362 /* UIAlertController+RGAppTools.swift in Sources */ = {isa = PBXBuildFile; fileRef = B7FB81BD23D682F80082E362 /* UIAlertController+RGAppTools.swift */; };
		B7FB81E523D682F80082E362 /* UIColor+RGAppTools.swift in Sources */ = {isa = PBXBuildFile; fileRef = B7FB81BE23D682F80082E362 /* UIColor+RGAppTools.swift */; platformFilter = ios; };
		B7FB81E623D682F80082E362 /* UIImage+RGAppTools.swift in Sources */ = {isa = PBXBuildFile; fileRef = B7FB81BF23D682F80082E362 /* UIImage+RGAppTools.swift */; platformFilter = ios; };
		B7FB81E723D682F80082E362 /* UINavigationBar+RGAppTools.swift in Sources */ = {isa = PBXBuildFile; fileRef = B7FB81C023D682F80082E362 /* UINavigationBar+RGAppTools.swift */; platformFilter = ios; };
		B7FB81E823D682F80082E362 /* UIDevice+RGAppTools.swift in Sources */ = {isa = PBXBuildFile; fileRef = B7FB81C123D682F80082E362 /* UIDevice+RGAppTools.swift */; platformFilter = ios; };
		B7FB81E923D682F80082E362 /* UITabBar+RGAppTools.swift in Sources */ = {isa = PBXBuildFile; fileRef = B7FB81C223D682F80082E362 /* UITabBar+RGAppTools.swift */; platformFilter = ios; };
		B7FB81EA23D682F80082E362 /* UIView+RGAppTools.swift in Sources */ = {isa = PBXBuildFile; fileRef = B7FB81C323D682F80082E362 /* UIView+RGAppTools.swift */; platformFilter = ios; };
		B7FB81EB23D682F80082E362 /* UIViewController+RGAppTools.swift in Sources */ = {isa = PBXBuildFile; fileRef = B7FB81C423D682F80082E362 /* UIViewController+RGAppTools.swift */; };
		B7FB81EC23D682F80082E362 /* DispatchQueue+RGAppTools.swift in Sources */ = {isa = PBXBuildFile; fileRef = B7FB81C623D682F80082E362 /* DispatchQueue+RGAppTools.swift */; };
		B7FB81ED23D682F80082E362 /* Double+RGAppTools.swift in Sources */ = {isa = PBXBuildFile; fileRef = B7FB81C823D682F80082E362 /* Double+RGAppTools.swift */; };
		B7FB81EE23D682F80082E362 /* Dictionary+RGAppTools.swift in Sources */ = {isa = PBXBuildFile; fileRef = B7FB81C923D682F80082E362 /* Dictionary+RGAppTools.swift */; };
		B7FB81EF23D682F80082E362 /* Optional+RGAppTools.swift in Sources */ = {isa = PBXBuildFile; fileRef = B7FB81CA23D682F80082E362 /* Optional+RGAppTools.swift */; };
		B7FB81F023D682F80082E362 /* String+RGAppTools.swift in Sources */ = {isa = PBXBuildFile; fileRef = B7FB81CB23D682F80082E362 /* String+RGAppTools.swift */; };
		B7FB81F123D682F80082E362 /* Array+RGAppTools.swift in Sources */ = {isa = PBXBuildFile; fileRef = B7FB81CC23D682F80082E362 /* Array+RGAppTools.swift */; };
		B7FB81F223D682F80082E362 /* Int+RGAppTools.swift in Sources */ = {isa = PBXBuildFile; fileRef = B7FB81CD23D682F80082E362 /* Int+RGAppTools.swift */; };
		B7FB81F323D682F80082E362 /* Bundle+RGAppTools.swift in Sources */ = {isa = PBXBuildFile; fileRef = B7FB81CF23D682F80082E362 /* Bundle+RGAppTools.swift */; };
		B7FB81F423D682F80082E362 /* Date+RGAppTools.swift in Sources */ = {isa = PBXBuildFile; fileRef = B7FB81D023D682F80082E362 /* Date+RGAppTools.swift */; };
		B7FB81F523D682F80082E362 /* NSObject+RGAppTools.swift in Sources */ = {isa = PBXBuildFile; fileRef = B7FB81D123D682F80082E362 /* NSObject+RGAppTools.swift */; };
		B7FB81F623D682F80082E362 /* UserDefaults+RGAppTools.swift in Sources */ = {isa = PBXBuildFile; fileRef = B7FB81D223D682F80082E362 /* UserDefaults+RGAppTools.swift */; };
		B7FB81F723D682F80082E362 /* FileManager+RGAppTools.swift in Sources */ = {isa = PBXBuildFile; fileRef = B7FB81D323D682F80082E362 /* FileManager+RGAppTools.swift */; };
		B7FB81F823D682F80082E362 /* NSDictionary+RGAppTools.swift in Sources */ = {isa = PBXBuildFile; fileRef = B7FB81D423D682F80082E362 /* NSDictionary+RGAppTools.swift */; };
		B7FB81F923D682F80082E362 /* NSDecimalNumberHandler+RGAppTools.swift in Sources */ = {isa = PBXBuildFile; fileRef = B7FB81D523D682F80082E362 /* NSDecimalNumberHandler+RGAppTools.swift */; };
		B7FB81FA23D682F80082E362 /* CLLocation+RGAppTools.swift in Sources */ = {isa = PBXBuildFile; fileRef = B7FB81D723D682F80082E362 /* CLLocation+RGAppTools.swift */; };
		B7FB81FB23D682F80082E362 /* RGAppTools.swift in Sources */ = {isa = PBXBuildFile; fileRef = B7FB81D823D682F80082E362 /* RGAppTools.swift */; };
		B7FB81FC23D682F80082E362 /* TopLayoutProtocols.swift in Sources */ = {isa = PBXBuildFile; fileRef = B7FB81DB23D682F80082E362 /* TopLayoutProtocols.swift */; };
		B7FB81FD23D682F80082E362 /* UIConstant.swift in Sources */ = {isa = PBXBuildFile; fileRef = B7FB81DD23D682F80082E362 /* UIConstant.swift */; platformFilter = ios; };
		B7FB81FE23D682F80082E362 /* MethodInfo.swift in Sources */ = {isa = PBXBuildFile; fileRef = B7FB81DE23D682F80082E362 /* MethodInfo.swift */; };
		B7FB825423D69D510082E362 /* UISingleton.swift in Sources */ = {isa = PBXBuildFile; fileRef = B7FB825323D69D510082E362 /* UISingleton.swift */; };
		B7FB825623D69EB10082E362 /* FoundationSingleton.swift in Sources */ = {isa = PBXBuildFile; fileRef = B7FB825523D69EB10082E362 /* FoundationSingleton.swift */; };
		B7FB825823D6C3DE0082E362 /* StringExtensionsTests.swift in Sources */ = {isa = PBXBuildFile; fileRef = B7FB825723D6C3DE0082E362 /* StringExtensionsTests.swift */; };
/* End PBXBuildFile section */

/* Begin PBXContainerItemProxy section */
		B7FB81A623D681E60082E362 /* PBXContainerItemProxy */ = {
			isa = PBXContainerItemProxy;
			containerPortal = B7FB819223D681E50082E362 /* Project object */;
			proxyType = 1;
			remoteGlobalIDString = B7FB819A23D681E50082E362;
			remoteInfo = RGAppTools;
		};
/* End PBXContainerItemProxy section */

/* Begin PBXFileReference section */
		B706DAEF23D6DE4000197988 /* UIScreen+RGAppTools.swift */ = {isa = PBXFileReference; lastKnownFileType = sourcecode.swift; path = "UIScreen+RGAppTools.swift"; sourceTree = "<group>"; };
		B706DAF123D6E80B00197988 /* UIApplication+RGAppTools.swift */ = {isa = PBXFileReference; lastKnownFileType = sourcecode.swift; path = "UIApplication+RGAppTools.swift"; sourceTree = "<group>"; };
		B7FB819B23D681E50082E362 /* RGAppTools.framework */ = {isa = PBXFileReference; explicitFileType = wrapper.framework; includeInIndex = 0; path = RGAppTools.framework; sourceTree = BUILT_PRODUCTS_DIR; };
		B7FB819E23D681E50082E362 /* RGAppTools.h */ = {isa = PBXFileReference; lastKnownFileType = sourcecode.c.h; path = RGAppTools.h; sourceTree = "<group>"; };
		B7FB819F23D681E50082E362 /* Info.plist */ = {isa = PBXFileReference; lastKnownFileType = text.plist.xml; path = Info.plist; sourceTree = "<group>"; };
		B7FB81A423D681E60082E362 /* RGAppToolsTests.xctest */ = {isa = PBXFileReference; explicitFileType = wrapper.cfbundle; includeInIndex = 0; path = RGAppToolsTests.xctest; sourceTree = BUILT_PRODUCTS_DIR; };
		B7FB81A923D681E60082E362 /* RGAppToolsTests.swift */ = {isa = PBXFileReference; lastKnownFileType = sourcecode.swift; path = RGAppToolsTests.swift; sourceTree = "<group>"; };
		B7FB81AB23D681E60082E362 /* Info.plist */ = {isa = PBXFileReference; lastKnownFileType = text.plist.xml; path = Info.plist; sourceTree = "<group>"; };
		B7FB81B723D682F80082E362 /* RGToast.swift */ = {isa = PBXFileReference; fileEncoding = 4; lastKnownFileType = sourcecode.swift; path = RGToast.swift; sourceTree = "<group>"; };
		B7FB81B823D682F80082E362 /* MainScreen.swift */ = {isa = PBXFileReference; fileEncoding = 4; lastKnownFileType = sourcecode.swift; path = MainScreen.swift; sourceTree = "<group>"; };
		B7FB81BB23D682F80082E362 /* UITextField+RGAppTools.swift */ = {isa = PBXFileReference; fileEncoding = 4; lastKnownFileType = sourcecode.swift; path = "UITextField+RGAppTools.swift"; sourceTree = "<group>"; };
		B7FB81BC23D682F80082E362 /* UIScrollView+RGAppTools.swift */ = {isa = PBXFileReference; fileEncoding = 4; lastKnownFileType = sourcecode.swift; path = "UIScrollView+RGAppTools.swift"; sourceTree = "<group>"; };
		B7FB81BD23D682F80082E362 /* UIAlertController+RGAppTools.swift */ = {isa = PBXFileReference; fileEncoding = 4; lastKnownFileType = sourcecode.swift; path = "UIAlertController+RGAppTools.swift"; sourceTree = "<group>"; };
		B7FB81BE23D682F80082E362 /* UIColor+RGAppTools.swift */ = {isa = PBXFileReference; fileEncoding = 4; lastKnownFileType = sourcecode.swift; path = "UIColor+RGAppTools.swift"; sourceTree = "<group>"; };
		B7FB81BF23D682F80082E362 /* UIImage+RGAppTools.swift */ = {isa = PBXFileReference; fileEncoding = 4; lastKnownFileType = sourcecode.swift; path = "UIImage+RGAppTools.swift"; sourceTree = "<group>"; };
		B7FB81C023D682F80082E362 /* UINavigationBar+RGAppTools.swift */ = {isa = PBXFileReference; fileEncoding = 4; lastKnownFileType = sourcecode.swift; path = "UINavigationBar+RGAppTools.swift"; sourceTree = "<group>"; };
		B7FB81C123D682F80082E362 /* UIDevice+RGAppTools.swift */ = {isa = PBXFileReference; fileEncoding = 4; lastKnownFileType = sourcecode.swift; path = "UIDevice+RGAppTools.swift"; sourceTree = "<group>"; };
		B7FB81C223D682F80082E362 /* UITabBar+RGAppTools.swift */ = {isa = PBXFileReference; fileEncoding = 4; lastKnownFileType = sourcecode.swift; path = "UITabBar+RGAppTools.swift"; sourceTree = "<group>"; };
		B7FB81C323D682F80082E362 /* UIView+RGAppTools.swift */ = {isa = PBXFileReference; fileEncoding = 4; lastKnownFileType = sourcecode.swift; path = "UIView+RGAppTools.swift"; sourceTree = "<group>"; };
		B7FB81C423D682F80082E362 /* UIViewController+RGAppTools.swift */ = {isa = PBXFileReference; fileEncoding = 4; lastKnownFileType = sourcecode.swift; path = "UIViewController+RGAppTools.swift"; sourceTree = "<group>"; };
		B7FB81C623D682F80082E362 /* DispatchQueue+RGAppTools.swift */ = {isa = PBXFileReference; fileEncoding = 4; lastKnownFileType = sourcecode.swift; path = "DispatchQueue+RGAppTools.swift"; sourceTree = "<group>"; };
		B7FB81C823D682F80082E362 /* Double+RGAppTools.swift */ = {isa = PBXFileReference; fileEncoding = 4; lastKnownFileType = sourcecode.swift; path = "Double+RGAppTools.swift"; sourceTree = "<group>"; };
		B7FB81C923D682F80082E362 /* Dictionary+RGAppTools.swift */ = {isa = PBXFileReference; fileEncoding = 4; lastKnownFileType = sourcecode.swift; path = "Dictionary+RGAppTools.swift"; sourceTree = "<group>"; };
		B7FB81CA23D682F80082E362 /* Optional+RGAppTools.swift */ = {isa = PBXFileReference; fileEncoding = 4; lastKnownFileType = sourcecode.swift; path = "Optional+RGAppTools.swift"; sourceTree = "<group>"; };
		B7FB81CB23D682F80082E362 /* String+RGAppTools.swift */ = {isa = PBXFileReference; fileEncoding = 4; lastKnownFileType = sourcecode.swift; path = "String+RGAppTools.swift"; sourceTree = "<group>"; };
		B7FB81CC23D682F80082E362 /* Array+RGAppTools.swift */ = {isa = PBXFileReference; fileEncoding = 4; lastKnownFileType = sourcecode.swift; path = "Array+RGAppTools.swift"; sourceTree = "<group>"; };
		B7FB81CD23D682F80082E362 /* Int+RGAppTools.swift */ = {isa = PBXFileReference; fileEncoding = 4; lastKnownFileType = sourcecode.swift; path = "Int+RGAppTools.swift"; sourceTree = "<group>"; };
		B7FB81CF23D682F80082E362 /* Bundle+RGAppTools.swift */ = {isa = PBXFileReference; fileEncoding = 4; lastKnownFileType = sourcecode.swift; path = "Bundle+RGAppTools.swift"; sourceTree = "<group>"; };
		B7FB81D023D682F80082E362 /* Date+RGAppTools.swift */ = {isa = PBXFileReference; fileEncoding = 4; lastKnownFileType = sourcecode.swift; path = "Date+RGAppTools.swift"; sourceTree = "<group>"; };
		B7FB81D123D682F80082E362 /* NSObject+RGAppTools.swift */ = {isa = PBXFileReference; fileEncoding = 4; lastKnownFileType = sourcecode.swift; path = "NSObject+RGAppTools.swift"; sourceTree = "<group>"; };
		B7FB81D223D682F80082E362 /* UserDefaults+RGAppTools.swift */ = {isa = PBXFileReference; fileEncoding = 4; lastKnownFileType = sourcecode.swift; path = "UserDefaults+RGAppTools.swift"; sourceTree = "<group>"; };
		B7FB81D323D682F80082E362 /* FileManager+RGAppTools.swift */ = {isa = PBXFileReference; fileEncoding = 4; lastKnownFileType = sourcecode.swift; path = "FileManager+RGAppTools.swift"; sourceTree = "<group>"; };
		B7FB81D423D682F80082E362 /* NSDictionary+RGAppTools.swift */ = {isa = PBXFileReference; fileEncoding = 4; lastKnownFileType = sourcecode.swift; path = "NSDictionary+RGAppTools.swift"; sourceTree = "<group>"; };
		B7FB81D523D682F80082E362 /* NSDecimalNumberHandler+RGAppTools.swift */ = {isa = PBXFileReference; fileEncoding = 4; lastKnownFileType = sourcecode.swift; path = "NSDecimalNumberHandler+RGAppTools.swift"; sourceTree = "<group>"; };
		B7FB81D723D682F80082E362 /* CLLocation+RGAppTools.swift */ = {isa = PBXFileReference; fileEncoding = 4; lastKnownFileType = sourcecode.swift; path = "CLLocation+RGAppTools.swift"; sourceTree = "<group>"; };
		B7FB81D823D682F80082E362 /* RGAppTools.swift */ = {isa = PBXFileReference; fileEncoding = 4; lastKnownFileType = sourcecode.swift; path = RGAppTools.swift; sourceTree = "<group>"; };
		B7FB81DB23D682F80082E362 /* TopLayoutProtocols.swift */ = {isa = PBXFileReference; fileEncoding = 4; lastKnownFileType = sourcecode.swift; path = TopLayoutProtocols.swift; sourceTree = "<group>"; };
		B7FB81DD23D682F80082E362 /* UIConstant.swift */ = {isa = PBXFileReference; fileEncoding = 4; lastKnownFileType = sourcecode.swift; path = UIConstant.swift; sourceTree = "<group>"; };
		B7FB81DE23D682F80082E362 /* MethodInfo.swift */ = {isa = PBXFileReference; fileEncoding = 4; lastKnownFileType = sourcecode.swift; path = MethodInfo.swift; sourceTree = "<group>"; };
		B7FB825323D69D510082E362 /* UISingleton.swift */ = {isa = PBXFileReference; lastKnownFileType = sourcecode.swift; path = UISingleton.swift; sourceTree = "<group>"; };
		B7FB825523D69EB10082E362 /* FoundationSingleton.swift */ = {isa = PBXFileReference; lastKnownFileType = sourcecode.swift; path = FoundationSingleton.swift; sourceTree = "<group>"; };
		B7FB825723D6C3DE0082E362 /* StringExtensionsTests.swift */ = {isa = PBXFileReference; lastKnownFileType = sourcecode.swift; path = StringExtensionsTests.swift; sourceTree = "<group>"; };
/* End PBXFileReference section */

/* Begin PBXFrameworksBuildPhase section */
		B7FB819823D681E50082E362 /* Frameworks */ = {
			isa = PBXFrameworksBuildPhase;
			buildActionMask = 2147483647;
			files = (
			);
			runOnlyForDeploymentPostprocessing = 0;
		};
		B7FB81A123D681E60082E362 /* Frameworks */ = {
			isa = PBXFrameworksBuildPhase;
			buildActionMask = 2147483647;
			files = (
				B7FB81A523D681E60082E362 /* RGAppTools.framework in Frameworks */,
			);
			runOnlyForDeploymentPostprocessing = 0;
		};
/* End PBXFrameworksBuildPhase section */

/* Begin PBXGroup section */
		B7FB819123D681E50082E362 = {
			isa = PBXGroup;
			children = (
				B7FB819D23D681E50082E362 /* Sources */,
				B7FB81A823D681E60082E362 /* RGAppToolsTests */,
				B7FB819C23D681E50082E362 /* Products */,
			);
			sourceTree = "<group>";
		};
		B7FB819C23D681E50082E362 /* Products */ = {
			isa = PBXGroup;
			children = (
				B7FB819B23D681E50082E362 /* RGAppTools.framework */,
				B7FB81A423D681E60082E362 /* RGAppToolsTests.xctest */,
			);
			name = Products;
			sourceTree = "<group>";
		};
		B7FB819D23D681E50082E362 /* Sources */ = {
			isa = PBXGroup;
			children = (
				B7FB819F23D681E50082E362 /* Info.plist */,
				B7FB819E23D681E50082E362 /* RGAppTools.h */,
				B7FB81D823D682F80082E362 /* RGAppTools.swift */,
				B7FB81DC23D682F80082E362 /* AppCommons */,
				B7FB81B923D682F80082E362 /* Extensions */,
				B7FB81D923D682F80082E362 /* Protocols */,
				B7FB81B623D682F80082E362 /* RGBuild */,
			);
			path = Sources;
			sourceTree = "<group>";
		};
		B7FB81A823D681E60082E362 /* RGAppToolsTests */ = {
			isa = PBXGroup;
			children = (
				B7FB81A923D681E60082E362 /* RGAppToolsTests.swift */,
				B7FB825723D6C3DE0082E362 /* StringExtensionsTests.swift */,
				B7FB81AB23D681E60082E362 /* Info.plist */,
			);
			path = RGAppToolsTests;
			sourceTree = "<group>";
		};
		B7FB81B623D682F80082E362 /* RGBuild */ = {
			isa = PBXGroup;
			children = (
				B7FB81B823D682F80082E362 /* MainScreen.swift */,
				B7FB81B723D682F80082E362 /* RGToast.swift */,
			);
			path = RGBuild;
			sourceTree = "<group>";
		};
		B7FB81B923D682F80082E362 /* Extensions */ = {
			isa = PBXGroup;
			children = (
				B7FB81C723D682F80082E362 /* Basic */,
				B7FB81D623D682F80082E362 /* Core Location */,
				B7FB81C523D682F80082E362 /* Dispatch */,
				B7FB81CE23D682F80082E362 /* Foundation */,
				B7FB81BA23D682F80082E362 /* UIKit */,
			);
			path = Extensions;
			sourceTree = "<group>";
		};
		B7FB81BA23D682F80082E362 /* UIKit */ = {
			isa = PBXGroup;
			children = (
				B706DAF123D6E80B00197988 /* UIApplication+RGAppTools.swift */,
				B7FB81BD23D682F80082E362 /* UIAlertController+RGAppTools.swift */,
				B7FB81BE23D682F80082E362 /* UIColor+RGAppTools.swift */,
				B7FB81C123D682F80082E362 /* UIDevice+RGAppTools.swift */,
				B7FB81BF23D682F80082E362 /* UIImage+RGAppTools.swift */,
				B7FB81C023D682F80082E362 /* UINavigationBar+RGAppTools.swift */,
				B706DAEF23D6DE4000197988 /* UIScreen+RGAppTools.swift */,
				B7FB81BC23D682F80082E362 /* UIScrollView+RGAppTools.swift */,
				B7FB81C223D682F80082E362 /* UITabBar+RGAppTools.swift */,
				B7FB81BB23D682F80082E362 /* UITextField+RGAppTools.swift */,
				B7FB81C323D682F80082E362 /* UIView+RGAppTools.swift */,
				B7FB81C423D682F80082E362 /* UIViewController+RGAppTools.swift */,
			);
			path = UIKit;
			sourceTree = "<group>";
		};
		B7FB81C523D682F80082E362 /* Dispatch */ = {
			isa = PBXGroup;
			children = (
				B7FB81C623D682F80082E362 /* DispatchQueue+RGAppTools.swift */,
			);
			path = Dispatch;
			sourceTree = "<group>";
		};
		B7FB81C723D682F80082E362 /* Basic */ = {
			isa = PBXGroup;
			children = (
				B7FB81CC23D682F80082E362 /* Array+RGAppTools.swift */,
				B7FB81C923D682F80082E362 /* Dictionary+RGAppTools.swift */,
				B7FB81C823D682F80082E362 /* Double+RGAppTools.swift */,
				B7FB81CD23D682F80082E362 /* Int+RGAppTools.swift */,
				B7FB81CA23D682F80082E362 /* Optional+RGAppTools.swift */,
				B7FB81CB23D682F80082E362 /* String+RGAppTools.swift */,
			);
			path = Basic;
			sourceTree = "<group>";
		};
		B7FB81CE23D682F80082E362 /* Foundation */ = {
			isa = PBXGroup;
			children = (
				B7FB81CF23D682F80082E362 /* Bundle+RGAppTools.swift */,
				B7FB81D023D682F80082E362 /* Date+RGAppTools.swift */,
				B7FB81D323D682F80082E362 /* FileManager+RGAppTools.swift */,
				B7FB81D523D682F80082E362 /* NSDecimalNumberHandler+RGAppTools.swift */,
				B7FB81D423D682F80082E362 /* NSDictionary+RGAppTools.swift */,
				B7FB81D123D682F80082E362 /* NSObject+RGAppTools.swift */,
				B7FB81D223D682F80082E362 /* UserDefaults+RGAppTools.swift */,
			);
			path = Foundation;
			sourceTree = "<group>";
		};
		B7FB81D623D682F80082E362 /* Core Location */ = {
			isa = PBXGroup;
			children = (
				B7FB81D723D682F80082E362 /* CLLocation+RGAppTools.swift */,
			);
			path = "Core Location";
			sourceTree = "<group>";
		};
		B7FB81D923D682F80082E362 /* Protocols */ = {
			isa = PBXGroup;
			children = (
				B7FB81DA23D682F80082E362 /* View Protocols */,
			);
			path = Protocols;
			sourceTree = "<group>";
		};
		B7FB81DA23D682F80082E362 /* View Protocols */ = {
			isa = PBXGroup;
			children = (
				B7FB81DB23D682F80082E362 /* TopLayoutProtocols.swift */,
			);
			path = "View Protocols";
			sourceTree = "<group>";
		};
		B7FB81DC23D682F80082E362 /* AppCommons */ = {
			isa = PBXGroup;
			children = (
				B7FB825523D69EB10082E362 /* FoundationSingleton.swift */,
				B7FB825323D69D510082E362 /* UISingleton.swift */,
				B7FB81DD23D682F80082E362 /* UIConstant.swift */,
				B7FB81DE23D682F80082E362 /* MethodInfo.swift */,
			);
			path = AppCommons;
			sourceTree = "<group>";
		};
/* End PBXGroup section */

/* Begin PBXHeadersBuildPhase section */
		B7FB819623D681E50082E362 /* Headers */ = {
			isa = PBXHeadersBuildPhase;
			buildActionMask = 2147483647;
			files = (
				B7FB81AC23D681E60082E362 /* RGAppTools.h in Headers */,
			);
			runOnlyForDeploymentPostprocessing = 0;
		};
/* End PBXHeadersBuildPhase section */

/* Begin PBXNativeTarget section */
		B7FB819A23D681E50082E362 /* RGAppTools */ = {
			isa = PBXNativeTarget;
			buildConfigurationList = B7FB81AF23D681E60082E362 /* Build configuration list for PBXNativeTarget "RGAppTools" */;
			buildPhases = (
				B7FB819623D681E50082E362 /* Headers */,
				B7FB819723D681E50082E362 /* Sources */,
				B7FB819823D681E50082E362 /* Frameworks */,
				B7FB819923D681E50082E362 /* Resources */,
			);
			buildRules = (
			);
			dependencies = (
			);
			name = RGAppTools;
			productName = RGAppTools;
			productReference = B7FB819B23D681E50082E362 /* RGAppTools.framework */;
			productType = "com.apple.product-type.framework";
		};
		B7FB81A323D681E60082E362 /* RGAppToolsTests */ = {
			isa = PBXNativeTarget;
			buildConfigurationList = B7FB81B223D681E60082E362 /* Build configuration list for PBXNativeTarget "RGAppToolsTests" */;
			buildPhases = (
				B7FB81A023D681E60082E362 /* Sources */,
				B7FB81A123D681E60082E362 /* Frameworks */,
				B7FB81A223D681E60082E362 /* Resources */,
			);
			buildRules = (
			);
			dependencies = (
				B7FB81A723D681E60082E362 /* PBXTargetDependency */,
			);
			name = RGAppToolsTests;
			productName = RGAppToolsTests;
			productReference = B7FB81A423D681E60082E362 /* RGAppToolsTests.xctest */;
			productType = "com.apple.product-type.bundle.unit-test";
		};
/* End PBXNativeTarget section */

/* Begin PBXProject section */
		B7FB819223D681E50082E362 /* Project object */ = {
			isa = PBXProject;
			attributes = {
				LastSwiftUpdateCheck = 1130;
				LastUpgradeCheck = 1130;
				ORGANIZATIONNAME = Smartech;
				TargetAttributes = {
					B7FB819A23D681E50082E362 = {
						CreatedOnToolsVersion = 11.3.1;
					};
					B7FB81A323D681E60082E362 = {
						CreatedOnToolsVersion = 11.3.1;
					};
				};
			};
			buildConfigurationList = B7FB819523D681E50082E362 /* Build configuration list for PBXProject "RGAppTools" */;
			compatibilityVersion = "Xcode 9.3";
			developmentRegion = en;
			hasScannedForEncodings = 0;
			knownRegions = (
				en,
				Base,
			);
			mainGroup = B7FB819123D681E50082E362;
			productRefGroup = B7FB819C23D681E50082E362 /* Products */;
			projectDirPath = "";
			projectRoot = "";
			targets = (
				B7FB819A23D681E50082E362 /* RGAppTools */,
				B7FB81A323D681E60082E362 /* RGAppToolsTests */,
			);
		};
/* End PBXProject section */

/* Begin PBXResourcesBuildPhase section */
		B7FB819923D681E50082E362 /* Resources */ = {
			isa = PBXResourcesBuildPhase;
			buildActionMask = 2147483647;
			files = (
			);
			runOnlyForDeploymentPostprocessing = 0;
		};
		B7FB81A223D681E60082E362 /* Resources */ = {
			isa = PBXResourcesBuildPhase;
			buildActionMask = 2147483647;
			files = (
			);
			runOnlyForDeploymentPostprocessing = 0;
		};
/* End PBXResourcesBuildPhase section */

/* Begin PBXSourcesBuildPhase section */
		B7FB819723D681E50082E362 /* Sources */ = {
			isa = PBXSourcesBuildPhase;
			buildActionMask = 2147483647;
			files = (
				B706DAF023D6DE4000197988 /* UIScreen+RGAppTools.swift in Sources */,
				B706DAF223D6E80B00197988 /* UIApplication+RGAppTools.swift in Sources */,
				B7FB81EF23D682F80082E362 /* Optional+RGAppTools.swift in Sources */,
				B7FB81F623D682F80082E362 /* UserDefaults+RGAppTools.swift in Sources */,
				B7FB81EA23D682F80082E362 /* UIView+RGAppTools.swift in Sources */,
				B7FB81F423D682F80082E362 /* Date+RGAppTools.swift in Sources */,
				B7FB81F223D682F80082E362 /* Int+RGAppTools.swift in Sources */,
				B7FB825623D69EB10082E362 /* FoundationSingleton.swift in Sources */,
				B7FB81E823D682F80082E362 /* UIDevice+RGAppTools.swift in Sources */,
				B7FB81E723D682F80082E362 /* UINavigationBar+RGAppTools.swift in Sources */,
				B7FB81E923D682F80082E362 /* UITabBar+RGAppTools.swift in Sources */,
				B7FB81F723D682F80082E362 /* FileManager+RGAppTools.swift in Sources */,
				B7FB81EE23D682F80082E362 /* Dictionary+RGAppTools.swift in Sources */,
				B7FB81E423D682F80082E362 /* UIAlertController+RGAppTools.swift in Sources */,
				B7FB81EB23D682F80082E362 /* UIViewController+RGAppTools.swift in Sources */,
				B7FB81F123D682F80082E362 /* Array+RGAppTools.swift in Sources */,
				B7FB81F323D682F80082E362 /* Bundle+RGAppTools.swift in Sources */,
				B7FB81FB23D682F80082E362 /* RGAppTools.swift in Sources */,
				B7FB81FA23D682F80082E362 /* CLLocation+RGAppTools.swift in Sources */,
				B7FB81F523D682F80082E362 /* NSObject+RGAppTools.swift in Sources */,
				B7FB825423D69D510082E362 /* UISingleton.swift in Sources */,
				B7FB81FC23D682F80082E362 /* TopLayoutProtocols.swift in Sources */,
				B7FB81E223D682F80082E362 /* UITextField+RGAppTools.swift in Sources */,
				B7FB81ED23D682F80082E362 /* Double+RGAppTools.swift in Sources */,
				B7FB81F023D682F80082E362 /* String+RGAppTools.swift in Sources */,
				B7FB81E123D682F80082E362 /* MainScreen.swift in Sources */,
				B7FB81F923D682F80082E362 /* NSDecimalNumberHandler+RGAppTools.swift in Sources */,
				B7FB81FE23D682F80082E362 /* MethodInfo.swift in Sources */,
				B7FB81F823D682F80082E362 /* NSDictionary+RGAppTools.swift in Sources */,
				B7FB81EC23D682F80082E362 /* DispatchQueue+RGAppTools.swift in Sources */,
				B7FB81E623D682F80082E362 /* UIImage+RGAppTools.swift in Sources */,
				B7FB81E523D682F80082E362 /* UIColor+RGAppTools.swift in Sources */,
				B7FB81E023D682F80082E362 /* RGToast.swift in Sources */,
				B7FB81FD23D682F80082E362 /* UIConstant.swift in Sources */,
				B7FB81E323D682F80082E362 /* UIScrollView+RGAppTools.swift in Sources */,
			);
			runOnlyForDeploymentPostprocessing = 0;
		};
		B7FB81A023D681E60082E362 /* Sources */ = {
			isa = PBXSourcesBuildPhase;
			buildActionMask = 2147483647;
			files = (
				B7FB825823D6C3DE0082E362 /* StringExtensionsTests.swift in Sources */,
				B7FB81AA23D681E60082E362 /* RGAppToolsTests.swift in Sources */,
			);
			runOnlyForDeploymentPostprocessing = 0;
		};
/* End PBXSourcesBuildPhase section */

/* Begin PBXTargetDependency section */
		B7FB81A723D681E60082E362 /* PBXTargetDependency */ = {
			isa = PBXTargetDependency;
			target = B7FB819A23D681E50082E362 /* RGAppTools */;
			targetProxy = B7FB81A623D681E60082E362 /* PBXContainerItemProxy */;
		};
/* End PBXTargetDependency section */

/* Begin XCBuildConfiguration section */
		B7FB81AD23D681E60082E362 /* Debug */ = {
			isa = XCBuildConfiguration;
			buildSettings = {
				ALWAYS_SEARCH_USER_PATHS = NO;
				CLANG_ANALYZER_NONNULL = YES;
				CLANG_ANALYZER_NUMBER_OBJECT_CONVERSION = YES_AGGRESSIVE;
				CLANG_CXX_LANGUAGE_STANDARD = "gnu++14";
				CLANG_CXX_LIBRARY = "libc++";
				CLANG_ENABLE_MODULES = YES;
				CLANG_ENABLE_OBJC_ARC = YES;
				CLANG_ENABLE_OBJC_WEAK = YES;
				CLANG_WARN_BLOCK_CAPTURE_AUTORELEASING = YES;
				CLANG_WARN_BOOL_CONVERSION = YES;
				CLANG_WARN_COMMA = YES;
				CLANG_WARN_CONSTANT_CONVERSION = YES;
				CLANG_WARN_DEPRECATED_OBJC_IMPLEMENTATIONS = YES;
				CLANG_WARN_DIRECT_OBJC_ISA_USAGE = YES_ERROR;
				CLANG_WARN_DOCUMENTATION_COMMENTS = YES;
				CLANG_WARN_EMPTY_BODY = YES;
				CLANG_WARN_ENUM_CONVERSION = YES;
				CLANG_WARN_INFINITE_RECURSION = YES;
				CLANG_WARN_INT_CONVERSION = YES;
				CLANG_WARN_NON_LITERAL_NULL_CONVERSION = YES;
				CLANG_WARN_OBJC_IMPLICIT_RETAIN_SELF = YES;
				CLANG_WARN_OBJC_LITERAL_CONVERSION = YES;
				CLANG_WARN_OBJC_ROOT_CLASS = YES_ERROR;
				CLANG_WARN_RANGE_LOOP_ANALYSIS = YES;
				CLANG_WARN_STRICT_PROTOTYPES = YES;
				CLANG_WARN_SUSPICIOUS_MOVE = YES;
				CLANG_WARN_UNGUARDED_AVAILABILITY = YES_AGGRESSIVE;
				CLANG_WARN_UNREACHABLE_CODE = YES;
				CLANG_WARN__DUPLICATE_METHOD_MATCH = YES;
				COPY_PHASE_STRIP = NO;
				CURRENT_PROJECT_VERSION = 1;
				DEBUG_INFORMATION_FORMAT = dwarf;
				ENABLE_STRICT_OBJC_MSGSEND = YES;
				ENABLE_TESTABILITY = YES;
				GCC_C_LANGUAGE_STANDARD = gnu11;
				GCC_DYNAMIC_NO_PIC = NO;
				GCC_NO_COMMON_BLOCKS = YES;
				GCC_OPTIMIZATION_LEVEL = 0;
				GCC_PREPROCESSOR_DEFINITIONS = (
					"DEBUG=1",
					"$(inherited)",
				);
				GCC_WARN_64_TO_32_BIT_CONVERSION = YES;
				GCC_WARN_ABOUT_RETURN_TYPE = YES_ERROR;
				GCC_WARN_UNDECLARED_SELECTOR = YES;
				GCC_WARN_UNINITIALIZED_AUTOS = YES_AGGRESSIVE;
				GCC_WARN_UNUSED_FUNCTION = YES;
				GCC_WARN_UNUSED_VARIABLE = YES;
				IPHONEOS_DEPLOYMENT_TARGET = 13.2;
				MTL_ENABLE_DEBUG_INFO = INCLUDE_SOURCE;
				MTL_FAST_MATH = YES;
				ONLY_ACTIVE_ARCH = YES;
				SDKROOT = iphoneos;
				SWIFT_ACTIVE_COMPILATION_CONDITIONS = DEBUG;
				SWIFT_OPTIMIZATION_LEVEL = "-Onone";
				VERSIONING_SYSTEM = "apple-generic";
				VERSION_INFO_PREFIX = "";
			};
			name = Debug;
		};
		B7FB81AE23D681E60082E362 /* Release */ = {
			isa = XCBuildConfiguration;
			buildSettings = {
				ALWAYS_SEARCH_USER_PATHS = NO;
				CLANG_ANALYZER_NONNULL = YES;
				CLANG_ANALYZER_NUMBER_OBJECT_CONVERSION = YES_AGGRESSIVE;
				CLANG_CXX_LANGUAGE_STANDARD = "gnu++14";
				CLANG_CXX_LIBRARY = "libc++";
				CLANG_ENABLE_MODULES = YES;
				CLANG_ENABLE_OBJC_ARC = YES;
				CLANG_ENABLE_OBJC_WEAK = YES;
				CLANG_WARN_BLOCK_CAPTURE_AUTORELEASING = YES;
				CLANG_WARN_BOOL_CONVERSION = YES;
				CLANG_WARN_COMMA = YES;
				CLANG_WARN_CONSTANT_CONVERSION = YES;
				CLANG_WARN_DEPRECATED_OBJC_IMPLEMENTATIONS = YES;
				CLANG_WARN_DIRECT_OBJC_ISA_USAGE = YES_ERROR;
				CLANG_WARN_DOCUMENTATION_COMMENTS = YES;
				CLANG_WARN_EMPTY_BODY = YES;
				CLANG_WARN_ENUM_CONVERSION = YES;
				CLANG_WARN_INFINITE_RECURSION = YES;
				CLANG_WARN_INT_CONVERSION = YES;
				CLANG_WARN_NON_LITERAL_NULL_CONVERSION = YES;
				CLANG_WARN_OBJC_IMPLICIT_RETAIN_SELF = YES;
				CLANG_WARN_OBJC_LITERAL_CONVERSION = YES;
				CLANG_WARN_OBJC_ROOT_CLASS = YES_ERROR;
				CLANG_WARN_RANGE_LOOP_ANALYSIS = YES;
				CLANG_WARN_STRICT_PROTOTYPES = YES;
				CLANG_WARN_SUSPICIOUS_MOVE = YES;
				CLANG_WARN_UNGUARDED_AVAILABILITY = YES_AGGRESSIVE;
				CLANG_WARN_UNREACHABLE_CODE = YES;
				CLANG_WARN__DUPLICATE_METHOD_MATCH = YES;
				COPY_PHASE_STRIP = NO;
				CURRENT_PROJECT_VERSION = 1;
				DEBUG_INFORMATION_FORMAT = "dwarf-with-dsym";
				ENABLE_NS_ASSERTIONS = NO;
				ENABLE_STRICT_OBJC_MSGSEND = YES;
				GCC_C_LANGUAGE_STANDARD = gnu11;
				GCC_NO_COMMON_BLOCKS = YES;
				GCC_WARN_64_TO_32_BIT_CONVERSION = YES;
				GCC_WARN_ABOUT_RETURN_TYPE = YES_ERROR;
				GCC_WARN_UNDECLARED_SELECTOR = YES;
				GCC_WARN_UNINITIALIZED_AUTOS = YES_AGGRESSIVE;
				GCC_WARN_UNUSED_FUNCTION = YES;
				GCC_WARN_UNUSED_VARIABLE = YES;
				IPHONEOS_DEPLOYMENT_TARGET = 13.2;
				MTL_ENABLE_DEBUG_INFO = NO;
				MTL_FAST_MATH = YES;
				SDKROOT = iphoneos;
				SWIFT_COMPILATION_MODE = wholemodule;
				SWIFT_OPTIMIZATION_LEVEL = "-O";
				VALIDATE_PRODUCT = YES;
				VERSIONING_SYSTEM = "apple-generic";
				VERSION_INFO_PREFIX = "";
			};
			name = Release;
		};
		B7FB81B023D681E60082E362 /* Debug */ = {
			isa = XCBuildConfiguration;
			buildSettings = {
				CODE_SIGN_STYLE = Automatic;
				DEFINES_MODULE = YES;
				DYLIB_COMPATIBILITY_VERSION = 1;
				DYLIB_CURRENT_VERSION = 1;
				DYLIB_INSTALL_NAME_BASE = "@rpath";
				INFOPLIST_FILE = Sources/Info.plist;
				INSTALL_PATH = "$(LOCAL_LIBRARY_DIR)/Frameworks";
				IPHONEOS_DEPLOYMENT_TARGET = 11.0;
				LD_RUNPATH_SEARCH_PATHS = (
					"$(inherited)",
					"@executable_path/Frameworks",
					"@loader_path/Frameworks",
				);
				PRODUCT_BUNDLE_IDENTIFIER = com.smartech.RGAppTools;
				PRODUCT_NAME = "$(TARGET_NAME:c99extidentifier)";
				SKIP_INSTALL = YES;
				SUPPORTS_MACCATALYST = NO;
				SWIFT_VERSION = 5.0;
				TARGETED_DEVICE_FAMILY = "1,2";
			};
			name = Debug;
		};
		B7FB81B123D681E60082E362 /* Release */ = {
			isa = XCBuildConfiguration;
			buildSettings = {
				CODE_SIGN_STYLE = Automatic;
				DEFINES_MODULE = YES;
				DYLIB_COMPATIBILITY_VERSION = 1;
				DYLIB_CURRENT_VERSION = 1;
				DYLIB_INSTALL_NAME_BASE = "@rpath";
				INFOPLIST_FILE = Sources/Info.plist;
				INSTALL_PATH = "$(LOCAL_LIBRARY_DIR)/Frameworks";
				IPHONEOS_DEPLOYMENT_TARGET = 11.0;
				LD_RUNPATH_SEARCH_PATHS = (
					"$(inherited)",
					"@executable_path/Frameworks",
					"@loader_path/Frameworks",
				);
				PRODUCT_BUNDLE_IDENTIFIER = com.smartech.RGAppTools;
				PRODUCT_NAME = "$(TARGET_NAME:c99extidentifier)";
				SKIP_INSTALL = YES;
				SUPPORTS_MACCATALYST = NO;
				SWIFT_VERSION = 5.0;
				TARGETED_DEVICE_FAMILY = "1,2";
			};
			name = Release;
		};
		B7FB81B323D681E60082E362 /* Debug */ = {
			isa = XCBuildConfiguration;
			buildSettings = {
				ALWAYS_EMBED_SWIFT_STANDARD_LIBRARIES = YES;
				CODE_SIGN_STYLE = Automatic;
				INFOPLIST_FILE = RGAppToolsTests/Info.plist;
				LD_RUNPATH_SEARCH_PATHS = (
					"$(inherited)",
					"@executable_path/Frameworks",
					"@loader_path/Frameworks",
				);
				PRODUCT_BUNDLE_IDENTIFIER = com.smartech.RGAppToolsTests;
				PRODUCT_NAME = "$(TARGET_NAME)";
				SWIFT_VERSION = 5.0;
				TARGETED_DEVICE_FAMILY = "1,2";
			};
			name = Debug;
		};
		B7FB81B423D681E60082E362 /* Release */ = {
			isa = XCBuildConfiguration;
			buildSettings = {
				ALWAYS_EMBED_SWIFT_STANDARD_LIBRARIES = YES;
				CODE_SIGN_STYLE = Automatic;
				INFOPLIST_FILE = RGAppToolsTests/Info.plist;
				LD_RUNPATH_SEARCH_PATHS = (
					"$(inherited)",
					"@executable_path/Frameworks",
					"@loader_path/Frameworks",
				);
				PRODUCT_BUNDLE_IDENTIFIER = com.smartech.RGAppToolsTests;
				PRODUCT_NAME = "$(TARGET_NAME)";
				SWIFT_VERSION = 5.0;
				TARGETED_DEVICE_FAMILY = "1,2";
			};
			name = Release;
		};
/* End XCBuildConfiguration section */

/* Begin XCConfigurationList section */
		B7FB819523D681E50082E362 /* Build configuration list for PBXProject "RGAppTools" */ = {
			isa = XCConfigurationList;
			buildConfigurations = (
				B7FB81AD23D681E60082E362 /* Debug */,
				B7FB81AE23D681E60082E362 /* Release */,
			);
			defaultConfigurationIsVisible = 0;
			defaultConfigurationName = Release;
		};
		B7FB81AF23D681E60082E362 /* Build configuration list for PBXNativeTarget "RGAppTools" */ = {
			isa = XCConfigurationList;
			buildConfigurations = (
				B7FB81B023D681E60082E362 /* Debug */,
				B7FB81B123D681E60082E362 /* Release */,
			);
			defaultConfigurationIsVisible = 0;
			defaultConfigurationName = Release;
		};
		B7FB81B223D681E60082E362 /* Build configuration list for PBXNativeTarget "RGAppToolsTests" */ = {
			isa = XCConfigurationList;
			buildConfigurations = (
				B7FB81B323D681E60082E362 /* Debug */,
				B7FB81B423D681E60082E362 /* Release */,
			);
			defaultConfigurationIsVisible = 0;
			defaultConfigurationName = Release;
		};
/* End XCConfigurationList section */
	};
	rootObject = B7FB819223D681E50082E362 /* Project object */;
}
